<Solution>
  <!-- Paths are relative to this file's final location.
       PlaceSolutionInSolutionFolder true  → src/sln/Eigenverft.NetLib.Security.MachineBinding/Eigenverft.NetLib.Security.MachineBinding.slnx
         (Readme.md beside this file; projects are ../../prj/).
       PlaceSolutionInSolutionFolder false → repo root, so src/prj/ and src/sln/. -->
  <Folder Name="/sln/Eigenverft.NetLib.Security.MachineBinding/">
    <File Path="Readme.md" />
  </Folder>
  <Folder Name="/prj/">
    <Project Path="../../prj/Eigenverft.NetLib.Security.MachineBinding.Tests/Eigenverft.NetLib.Security.MachineBinding.Tests.csproj" />
    <Project Path="../../prj/Eigenverft.NetLib.Security.MachineBinding/Eigenverft.NetLib.Security.MachineBinding.csproj" />
  </Folder>
</Solution>
